
Microsoft Visual Studio Solution File, Format Version 12.00
# Visual Studio Version 16
VisualStudioVersion = 16.0.30011.22
MinimumVisualStudioVersion = 10.0.40219.1
Project("{FAE04EC0-301F-11D3-BF4B-00C04F79EFBC}") = "AWSTestAPP", "AWSTestAPP\AWSTestAPP.csproj", "{F7E5F535-0F1B-4697-85D2-E43C2DF44F0C}"
EndProject
Global
	GlobalSection(SolutionConfigurationPlatforms) = preSolution
		Debug|Any CPU = Debug|Any CPU
		Release|Any CPU = Release|Any CPU
	EndGlobalSection
	GlobalSection(ProjectConfigurationPlatforms) = postSolution
		{F7E5F535-0F1B-4697-85D2-E43C2DF44F0C}.Debug|Any CPU.ActiveCfg = Debug|Any CPU
		{F7E5F535-0F1B-4697-85D2-E43C2DF44F0C}.Debug|Any CPU.Build.0 = Debug|Any CPU
		{F7E5F535-0F1B-4697-85D2-E43C2DF44F0C}.Release|Any CPU.ActiveCfg = Release|Any CPU
		{F7E5F535-0F1B-4697-85D2-E43C2DF44F0C}.Release|Any CPU.Build.0 = Release|Any CPU
	EndGlobalSection
	GlobalSection(SolutionProperties) = preSolution
		HideSolutionNode = FALSE
	EndGlobalSection
	GlobalSection(ExtensibilityGlobals) = postSolution
		SolutionGuid = {CB3CC68E-830A-4727-AE9D-4A09D55D9C01}
	EndGlobalSection
EndGlobal
